
Microsoft Visual Studio Solution File, Format Version 12.00
# Visual Studio 15
Project("{FAE04EC0-301F-11D3-BF4B-00C04F79EFBC}") = "Assembly-CSharp", "Assembly-CSharp.csproj", "{491ACA4E-7B08-515E-92D5-EA43BEE89877}"
EndProject
Project("{FAE04EC0-301F-11D3-BF4B-00C04F79EFBC}") = "Unity.XR.Interaction.Toolkit.Samples.StarterAssets", "Unity.XR.Interaction.Toolkit.Samples.StarterAssets.csproj", "{419A3D0D-9454-AFDC-0A21-12BCB705E50F}"
EndProject
Project("{FAE04EC0-301F-11D3-BF4B-00C04F79EFBC}") = "Unity.XR.Interaction.Toolkit.Samples.StarterAssets.Editor", "Unity.XR.Interaction.Toolkit.Samples.StarterAssets.Editor.csproj", "{F73DFBF1-5ACC-87BB-4801-64042C947161}"
EndProject
Global
	GlobalSection(SolutionConfigurationPlatforms) = preSolution
		Debug|Any CPU = Debug|Any CPU
		Release|Any CPU = Release|Any CPU
	EndGlobalSection
	GlobalSection(ProjectConfigurationPlatforms) = postSolution
		{491ACA4E-7B08-515E-92D5-EA43BEE89877}.Debug|Any CPU.ActiveCfg = Debug|Any CPU
		{491ACA4E-7B08-515E-92D5-EA43BEE89877}.Debug|Any CPU.Build.0 = Debug|Any CPU
		{491ACA4E-7B08-515E-92D5-EA43BEE89877}.Release|Any CPU.ActiveCfg = Release|Any CPU
		{491ACA4E-7B08-515E-92D5-EA43BEE89877}.Release|Any CPU.Build.0 = Release|Any CPU
		{419A3D0D-9454-AFDC-0A21-12BCB705E50F}.Debug|Any CPU.ActiveCfg = Debug|Any CPU
		{419A3D0D-9454-AFDC-0A21-12BCB705E50F}.Debug|Any CPU.Build.0 = Debug|Any CPU
		{419A3D0D-9454-AFDC-0A21-12BCB705E50F}.Release|Any CPU.ActiveCfg = Release|Any CPU
		{419A3D0D-9454-AFDC-0A21-12BCB705E50F}.Release|Any CPU.Build.0 = Release|Any CPU
		{F73DFBF1-5ACC-87BB-4801-64042C947161}.Debug|Any CPU.ActiveCfg = Debug|Any CPU
		{F73DFBF1-5ACC-87BB-4801-64042C947161}.Debug|Any CPU.Build.0 = Debug|Any CPU
		{F73DFBF1-5ACC-87BB-4801-64042C947161}.Release|Any CPU.ActiveCfg = Release|Any CPU
		{F73DFBF1-5ACC-87BB-4801-64042C947161}.Release|Any CPU.Build.0 = Release|Any CPU
	EndGlobalSection
	GlobalSection(SolutionProperties) = preSolution
		HideSolutionNode = FALSE
	EndGlobalSection
EndGlobal
